
Microsoft Visual Studio Solution File, Format Version 12.00
# Visual Studio Version 17
VisualStudioVersion = 17.8.34309.116
MinimumVisualStudioVersion = 10.0.40219.1
Project("{9A19103F-16F7-4668-BE54-9A1E7A4F7556}") = "FruitSA.Model", "FruitSA.Model\FruitSA.Model.csproj", "{498A12E4-60A1-49AF-8724-9E8882C730D5}"
EndProject
Project("{9A19103F-16F7-4668-BE54-9A1E7A4F7556}") = "FruitSA.API", "FruitSA.API\FruitSA.API.csproj", "{57CC38CD-9054-4599-8F5D-CF83FE5123FE}"
EndProject
Project("{9A19103F-16F7-4668-BE54-9A1E7A4F7556}") = "FruitSA.Web", "FruitSA.Web\FruitSA.Web.csproj", "{27EA8949-1D9C-437C-9A08-A7C3D3089927}"
EndProject
Project("{FAE04EC0-301F-11D3-BF4B-00C04F79EFBC}") = "FruitSA.API.Tests", "FruitSA.API.Tests\FruitSA.API.Tests.csproj", "{4CAAC94E-3D75-4A24-B876-A7FBFA7C6532}"
EndProject
Global
	GlobalSection(SolutionConfigurationPlatforms) = preSolution
		Debug|Any CPU = Debug|Any CPU
		Release|Any CPU = Release|Any CPU
	EndGlobalSection
	GlobalSection(ProjectConfigurationPlatforms) = postSolution
		{498A12E4-60A1-49AF-8724-9E8882C730D5}.Debug|Any CPU.ActiveCfg = Debug|Any CPU
		{498A12E4-60A1-49AF-8724-9E8882C730D5}.Debug|Any CPU.Build.0 = Debug|Any CPU
		{498A12E4-60A1-49AF-8724-9E8882C730D5}.Release|Any CPU.ActiveCfg = Release|Any CPU
		{498A12E4-60A1-49AF-8724-9E8882C730D5}.Release|Any CPU.Build.0 = Release|Any CPU
		{57CC38CD-9054-4599-8F5D-CF83FE5123FE}.Debug|Any CPU.ActiveCfg = Debug|Any CPU
		{57CC38CD-9054-4599-8F5D-CF83FE5123FE}.Debug|Any CPU.Build.0 = Debug|Any CPU
		{57CC38CD-9054-4599-8F5D-CF83FE5123FE}.Release|Any CPU.ActiveCfg = Release|Any CPU
		{57CC38CD-9054-4599-8F5D-CF83FE5123FE}.Release|Any CPU.Build.0 = Release|Any CPU
		{27EA8949-1D9C-437C-9A08-A7C3D3089927}.Debug|Any CPU.ActiveCfg = Debug|Any CPU
		{27EA8949-1D9C-437C-9A08-A7C3D3089927}.Debug|Any CPU.Build.0 = Debug|Any CPU
		{27EA8949-1D9C-437C-9A08-A7C3D3089927}.Release|Any CPU.ActiveCfg = Release|Any CPU
		{27EA8949-1D9C-437C-9A08-A7C3D3089927}.Release|Any CPU.Build.0 = Release|Any CPU
		{4CAAC94E-3D75-4A24-B876-A7FBFA7C6532}.Debug|Any CPU.ActiveCfg = Debug|Any CPU
		{4CAAC94E-3D75-4A24-B876-A7FBFA7C6532}.Debug|Any CPU.Build.0 = Debug|Any CPU
		{4CAAC94E-3D75-4A24-B876-A7FBFA7C6532}.Release|Any CPU.ActiveCfg = Release|Any CPU
		{4CAAC94E-3D75-4A24-B876-A7FBFA7C6532}.Release|Any CPU.Build.0 = Release|Any CPU
	EndGlobalSection
	GlobalSection(SolutionProperties) = preSolution
		HideSolutionNode = FALSE
	EndGlobalSection
	GlobalSection(ExtensibilityGlobals) = postSolution
		SolutionGuid = {B85C8168-0468-428E-A5A9-B563C1BE2DC2}
	EndGlobalSection
EndGlobal
